
Microsoft Visual Studio Solution File, Format Version 12.00
# Visual Studio Version 16
VisualStudioVersion = 16.0.29318.209
MinimumVisualStudioVersion = 10.0.40219.1
Project("{FAE04EC0-301F-11D3-BF4B-00C04F79EFBC}") = "TopicoEspecial_B", "TopicoEspecial_B\TopicoEspecial_B.csproj", "{8E76A636-F1AA-492A-A7AA-9AF50C9C5E86}"
EndProject
Global
	GlobalSection(SolutionConfigurationPlatforms) = preSolution
		Debug|Any CPU = Debug|Any CPU
		Release|Any CPU = Release|Any CPU
	EndGlobalSection
	GlobalSection(ProjectConfigurationPlatforms) = postSolution
		{8E76A636-F1AA-492A-A7AA-9AF50C9C5E86}.Debug|Any CPU.ActiveCfg = Debug|Any CPU
		{8E76A636-F1AA-492A-A7AA-9AF50C9C5E86}.Debug|Any CPU.Build.0 = Debug|Any CPU
		{8E76A636-F1AA-492A-A7AA-9AF50C9C5E86}.Release|Any CPU.ActiveCfg = Release|Any CPU
		{8E76A636-F1AA-492A-A7AA-9AF50C9C5E86}.Release|Any CPU.Build.0 = Release|Any CPU
	EndGlobalSection
	GlobalSection(SolutionProperties) = preSolution
		HideSolutionNode = FALSE
	EndGlobalSection
	GlobalSection(ExtensibilityGlobals) = postSolution
		SolutionGuid = {7902281A-BA9C-413F-9621-59F6C90FC07F}
	EndGlobalSection
EndGlobal
